
Microsoft Visual Studio Solution File, Format Version 12.00
Project("{FAE04EC0-301F-11D3-BF4B-00C04F79EFBC}") = "PatternsCourseWork", "PatternsCourseWork\PatternsCourseWork.csproj", "{053F76E6-63E8-48F3-A190-8B0CC82F05D5}"
EndProject
Global
	GlobalSection(SolutionConfigurationPlatforms) = preSolution
		Debug|Any CPU = Debug|Any CPU
		Release|Any CPU = Release|Any CPU
	EndGlobalSection
	GlobalSection(ProjectConfigurationPlatforms) = postSolution
		{053F76E6-63E8-48F3-A190-8B0CC82F05D5}.Debug|Any CPU.ActiveCfg = Debug|Any CPU
		{053F76E6-63E8-48F3-A190-8B0CC82F05D5}.Debug|Any CPU.Build.0 = Debug|Any CPU
		{053F76E6-63E8-48F3-A190-8B0CC82F05D5}.Release|Any CPU.ActiveCfg = Release|Any CPU
		{053F76E6-63E8-48F3-A190-8B0CC82F05D5}.Release|Any CPU.Build.0 = Release|Any CPU
	EndGlobalSection
EndGlobal
